
Microsoft Visual Studio Solution File, Format Version 12.00
# Visual Studio Version 16
VisualStudioVersion = 16.0.29613.14
MinimumVisualStudioVersion = 10.0.40219.1
Project("{9A19103F-16F7-4668-BE54-9A1E7A4F7556}") = "EventsApp", "EventsApp\EventsApp.csproj", "{C34584C3-CCB3-4875-B3DD-C69028A08895}"
EndProject
Project("{FAE04EC0-301F-11D3-BF4B-00C04F79EFBC}") = "EventsWithReact", "EventsWithReact\EventsWithReact.csproj", "{9C4BB62F-C783-4300-93DB-6761F6EE0C49}"
EndProject
Global
	GlobalSection(SolutionConfigurationPlatforms) = preSolution
		Debug|Any CPU = Debug|Any CPU
		Release|Any CPU = Release|Any CPU
	EndGlobalSection
	GlobalSection(ProjectConfigurationPlatforms) = postSolution
		{C34584C3-CCB3-4875-B3DD-C69028A08895}.Debug|Any CPU.ActiveCfg = Debug|Any CPU
		{C34584C3-CCB3-4875-B3DD-C69028A08895}.Debug|Any CPU.Build.0 = Debug|Any CPU
		{C34584C3-CCB3-4875-B3DD-C69028A08895}.Release|Any CPU.ActiveCfg = Release|Any CPU
		{C34584C3-CCB3-4875-B3DD-C69028A08895}.Release|Any CPU.Build.0 = Release|Any CPU
		{9C4BB62F-C783-4300-93DB-6761F6EE0C49}.Debug|Any CPU.ActiveCfg = Debug|Any CPU
		{9C4BB62F-C783-4300-93DB-6761F6EE0C49}.Debug|Any CPU.Build.0 = Debug|Any CPU
		{9C4BB62F-C783-4300-93DB-6761F6EE0C49}.Release|Any CPU.ActiveCfg = Release|Any CPU
		{9C4BB62F-C783-4300-93DB-6761F6EE0C49}.Release|Any CPU.Build.0 = Release|Any CPU
	EndGlobalSection
	GlobalSection(SolutionProperties) = preSolution
		HideSolutionNode = FALSE
	EndGlobalSection
	GlobalSection(ExtensibilityGlobals) = postSolution
		SolutionGuid = {EA2313B2-BBFF-4BAB-9CB6-2FCA57C0476D}
	EndGlobalSection
EndGlobal
